dependencies:
  '@rush-temp/test-service': 'file:projects/test-service.tgz'
  '@rush-temp/tsconfig': 'file:projects/tsconfig.tgz'
  '@types/chai': 4.2.11
  '@types/mocha': 7.0.2
  '@types/node': 12.12.44
  '@types/node-fetch': 2.5.7
  chai: 4.2.0
  fastify: 2.14.1
  mocha: 7.2.0
  node-fetch: 2.6.0
  ts-node: 8.10.2_typescript@3.9.5
  typescript: 3.9.5
lockfileVersion: 5.1
packages:
  /@types/chai/4.2.11:
    dev: false
    resolution:
      integrity: sha512-t7uW6eFafjO+qJ3BIV2gGUyZs27egcNRkUdalkud+Qa3+kg//f129iuOFivHDXQ+vnU3fDXuwgv0cqMCbcE8sw==
  /@types/mocha/7.0.2:
    dev: false
    resolution:
      integrity: sha512-ZvO2tAcjmMi8V/5Z3JsyofMe3hasRcaw88cto5etSVMwVQfeivGAlEYmaQgceUSVYFofVjT+ioHsATjdWcFt1w==
  /@types/node-fetch/2.5.7:
    dependencies:
      '@types/node': 12.12.44
      form-data: 3.0.0
    dev: false
    resolution:
      integrity: sha512-o2WVNf5UhWRkxlf6eq+jMZDu7kjgpgJfl4xVNlvryc95O/6F2ld8ztKX+qu+Rjyet93WAWm5LjeX9H5FGkODvw==
  /@types/node/12.12.44:
    dev: false
    resolution:
      integrity: sha512-jM6QVv0Sm5d3nW+nUD5jSzPcO6oPqboitSNcwgBay9hifVq/Rauq1PYnROnsmuw45JMBiTnsPAno0bKu2e2xrg==
  /abstract-logging/2.0.0:
    dev: false
    resolution:
      integrity: sha512-/oA9z7JszpIioo6J6dB79LVUgJ3eD3cxkAmdCkvWWS+Y9tPtALs1rLqOekLUXUbYqM2fB9TTK0ibAyZJJOP/CA==
  /ajv/6.12.2:
    dependencies:
      fast-deep-equal: 3.1.1
      fast-json-stable-stringify: 2.1.0
      json-schema-traverse: 0.4.1
      uri-js: 4.2.2
    dev: false
    resolution:
      integrity: sha512-k+V+hzjm5q/Mr8ef/1Y9goCmlsK4I6Sm74teeyGvFk1XrOsbsKLjEdrvny42CZ+a8sXbk8KWpY/bDwS+FLL2UQ==
  /ansi-colors/3.2.3:
    dev: false
    engines:
      node: '>=6'
    resolution:
      integrity: sha512-LEHHyuhlPY3TmuUYMh2oz89lTShfvgbmzaBcxve9t/9Wuy7Dwf4yoAKcND7KFT1HAQfqZ12qtc+DUrBMeKF9nw==
  /ansi-regex/3.0.0:
    dev: false
    engines:
      node: '>=4'
    resolution:
      integrity: sha1-7QMXwyIGT3lGbAKWa922Bas32Zg=
  /ansi-regex/4.1.0:
    dev: false
    engines:
      node: '>=6'
    resolution:
      integrity: sha512-1apePfXM1UOSqw0o9IiFAovVz9M5S1Dg+4TrDwfMewQ6p/rmMueb7tWZjQ1rx4Loy1ArBggoqGpfqqdI4rondg==
  /ansi-styles/3.2.1:
    dependencies:
      color-convert: 1.9.3
    dev: false
    engines:
      node: '>=4'
    resolution:
      integrity: sha512-VT0ZI6kZRdTh8YyJw3SMbYm/u+NqfsAxEpWO0Pf9sq8/e94WxxOpPKx9FR1FlyCtOVDNOQ+8ntlqFxiRc+r5qA==
  /anymatch/3.1.1:
    dependencies:
      normalize-path: 3.0.0
      picomatch: 2.2.2
    dev: false
    engines:
      node: '>= 8'
    resolution:
      integrity: sha512-mM8522psRCqzV+6LhomX5wgp25YVibjh8Wj23I5RPkPppSVSjyKD2A2mBJmWGa+KN7f2D6LNh9jkBCeyLktzjg==
  /archy/1.0.0:
    dev: false
    resolution:
      integrity: sha1-+cjBN1fMHde8N5rHeyxipcKGjEA=
  /arg/4.1.3:
    dev: false
    resolution:
      integrity: sha512-58S9QDqG0Xx27YwPSt9fJxivjYl432YCwfDMfZ+71RAqUrZef7LrKQZ3LHLOwCS4FLNBplP533Zx895SeOCHvA==
  /argparse/1.0.10:
    dependencies:
      sprintf-js: 1.0.3
    dev: false
    resolution:
      integrity: sha512-o5Roy6tNG4SL/FOkCAN6RzjiakZS25RLYFrcMttJqbdd8BWrnA+fGz57iN5Pb06pvBGvl5gQ0B48dJlslXvoTg==
  /assertion-error/1.1.0:
    dev: false
    resolution:
      integrity: sha512-jgsaNduz+ndvGyFt3uSuWqvy4lCnIJiovtouQN5JZHOKCS2QuhEdbcQHFhVksz2N2U9hXJo8odG7ETyWlEeuDw==
  /asynckit/0.4.0:
    dev: false
    resolution:
      integrity: sha1-x57Zf380y48robyXkLzDZkdLS3k=
  /atomic-sleep/1.0.0:
    dev: false
    engines:
      node: '>=8.0.0'
    resolution:
      integrity: sha512-kNOjDqAh7px0XWNI+4QbzoiR/nTkHAWNud2uvnJquD1/x5a7EQZMJT0AczqK0Qn67oY/TTQ1LbUKajZpp3I9tQ==
  /avvio/6.4.1:
    dependencies:
      archy: 1.0.0
      debug: 4.1.1
      fastq: 1.8.0
    dev: false
    resolution:
      integrity: sha512-jeZaUK+F7MuWSNT3VHfltskPJZKqVeTWQqBA4SDaDoLaQ0lb5TOgLeQT1BEuhTIUNISCDCGY3zjYyVmQQ48gKA==
  /balanced-match/1.0.0:
    dev: false
    resolution:
      integrity: sha1-ibTRmasr7kneFk6gK4nORi1xt2c=
  /binary-extensions/2.0.0:
    dev: false
    engines:
      node: '>=8'
    resolution:
      integrity: sha512-Phlt0plgpIIBOGTT/ehfFnbNlfsDEiqmzE2KRXoX1bLIlir4X/MR+zSyBEkL05ffWgnRSf/DXv+WrUAVr93/ow==
  /brace-expansion/1.1.11:
    dependencies:
      balanced-match: 1.0.0
      concat-map: 0.0.1
    dev: false
    resolution:
      integrity: sha512-iCuPHDFgrHX7H2vEI/5xpz07zSHB00TpugqhmYtVmMO6518mCuRMoOYFldEBl0g187ufozdaHgWKcYFb61qGiA==
  /braces/3.0.2:
    dependencies:
      fill-range: 7.0.1
    dev: false
    engines:
      node: '>=8'
    resolution:
      integrity: sha512-b8um+L1RzM3WDSzvhm6gIz1yfTbBt6YTlcEKAvsmqCZZFw46z626lVj9j1yEPW33H5H+lBQpZMP1k8l+78Ha0A==
  /browser-stdout/1.3.1:
    dev: false
    resolution:
      integrity: sha512-qhAVI1+Av2X7qelOfAIYwXONood6XlZE/fXaBSmW/T5SzLAmCgzi+eiWE7fUvbHaeNBQH13UftjpXxsfLkMpgw==
  /buffer-from/1.1.1:
    dev: false
    resolution:
      integrity: sha512-MQcXEUbCKtEo7bhqEs6560Hyd4XaovZlO/k9V3hjVUF/zwW7KBVdSK4gIt/bzwS9MbR5qob+F5jusZsb0YQK2A==
  /camelcase/5.3.1:
    dev: false
    engines:
      node: '>=6'
    resolution:
      integrity: sha512-L28STB170nwWS63UjtlEOE3dldQApaJXZkOI1uMFfzf3rRuPegHaHesyee+YxQ+W6SvRDQV6UrdOdRiR153wJg==
  /chai/4.2.0:
    dependencies:
      assertion-error: 1.1.0
      check-error: 1.0.2
      deep-eql: 3.0.1
      get-func-name: 2.0.0
      pathval: 1.1.0
      type-detect: 4.0.8
    dev: false
    engines:
      node: '>=4'
    resolution:
      integrity: sha512-XQU3bhBukrOsQCuwZndwGcCVQHyZi53fQ6Ys1Fym7E4olpIqqZZhhoFJoaKVvV17lWQoXYwgWN2nF5crA8J2jw==
  /chalk/2.4.2:
    dependencies:
      ansi-styles: 3.2.1
      escape-string-regexp: 1.0.5
      supports-color: 5.5.0
    dev: false
    engines:
      node: '>=4'
    resolution:
      integrity: sha512-Mti+f9lpJNcwF4tWV8/OrTTtF1gZi+f8FqlyAdouralcFWFQWF2+NgCHShjkCb+IFBLq9buZwE1xckQU4peSuQ==
  /check-error/1.0.2:
    dev: false
    resolution:
      integrity: sha1-V00xLt2Iu13YkS6Sht1sCu1KrII=
  /chokidar/3.3.0:
    dependencies:
      anymatch: 3.1.1
      braces: 3.0.2
      glob-parent: 5.1.1
      is-binary-path: 2.1.0
      is-glob: 4.0.1
      normalize-path: 3.0.0
      readdirp: 3.2.0
    dev: false
    engines:
      node: '>= 8.10.0'
    optionalDependencies:
      fsevents: 2.1.3
    resolution:
      integrity: sha512-dGmKLDdT3Gdl7fBUe8XK+gAtGmzy5Fn0XkkWQuYxGIgWVPPse2CxFA5mtrlD0TOHaHjEUqkWNyP1XdHoJES/4A==
  /cliui/5.0.0:
    dependencies:
      string-width: 3.1.0
      strip-ansi: 5.2.0
      wrap-ansi: 5.1.0
    dev: false
    resolution:
      integrity: sha512-PYeGSEmmHM6zvoef2w8TPzlrnNpXIjTipYK780YswmIP9vjxmd6Y2a3CB2Ks6/AU8NHjZugXvo8w3oWM2qnwXA==
  /color-convert/1.9.3:
    dependencies:
      color-name: 1.1.3
    dev: false
    resolution:
      integrity: sha512-QfAUtd+vFdAtFQcC8CCyYt1fYWxSqAiK2cSD6zDB8N3cpsEBAvRxp9zOGg6G/SHHJYAT88/az/IuDGALsNVbGg==
  /color-name/1.1.3:
    dev: false
    resolution:
      integrity: sha1-p9BVi9icQveV3UIyj3QIMcpTvCU=
  /combined-stream/1.0.8:
    dependencies:
      delayed-stream: 1.0.0
    dev: false
    engines:
      node: '>= 0.8'
    resolution:
      integrity: sha512-FQN4MRfuJeHf7cBbBMJFXhKSDq+2kAArBlmRBvcvFE5BB1HZKXtSFASDhdlz9zOYwxh8lDdnvmMOe/+5cdoEdg==
  /concat-map/0.0.1:
    dev: false
    resolution:
      integrity: sha1-2Klr13/Wjfd5OnMDajug1UBdR3s=
  /cookie/0.4.1:
    dev: false
    engines:
      node: '>= 0.6'
    resolution:
      integrity: sha512-ZwrFkGJxUR3EIoXtO+yVE69Eb7KlixbaeAWfBQB9vVsNn/o+Yw69gBWSSDK825hQNdN+wF8zELf3dFNl/kxkUA==
  /debug/3.2.6:
    dependencies:
      ms: 2.1.2
    dev: false
    resolution:
      integrity: sha512-mel+jf7nrtEl5Pn1Qx46zARXKDpBbvzezse7p7LqINmdoIk8PYP5SySaxEmYv6TZ0JyEKA1hsCId6DIhgITtWQ==
  /debug/4.1.1:
    dependencies:
      ms: 2.1.2
    dev: false
    resolution:
      integrity: sha512-pYAIzeRo8J6KPEaJ0VWOh5Pzkbw/RetuzehGM7QRRX5he4fPHx2rdKMB256ehJCkX+XRQm16eZLqLNS8RSZXZw==
  /decamelize/1.2.0:
    dev: false
    engines:
      node: '>=0.10.0'
    resolution:
      integrity: sha1-9lNNFRSCabIDUue+4m9QH5oZEpA=
  /deep-eql/3.0.1:
    dependencies:
      type-detect: 4.0.8
    dev: false
    engines:
      node: '>=0.12'
    resolution:
      integrity: sha512-+QeIQyN5ZuO+3Uk5DYh6/1eKO0m0YmJFGNmFHGACpf1ClL1nmlV/p4gNgbl2pJGxgXb4faqo6UE+M5ACEMyVcw==
  /deepmerge/4.2.2:
    dev: false
    engines:
      node: '>=0.10.0'
    resolution:
      integrity: sha512-FJ3UgI4gIl+PHZm53knsuSFpE+nESMr7M4v9QcgB7S63Kj/6WqMiFQJpBBYz1Pt+66bZpP3Q7Lye0Oo9MPKEdg==
  /define-properties/1.1.3:
    dependencies:
      object-keys: 1.1.1
    dev: false
    engines:
      node: '>= 0.4'
    resolution:
      integrity: sha512-3MqfYKj2lLzdMSf8ZIZE/V+Zuy+BgD6f164e8K2w7dgnpKArBDerGYpM46IYYcjnkdPNMjPk9A6VFB8+3SKlXQ==
  /delayed-stream/1.0.0:
    dev: false
    engines:
      node: '>=0.4.0'
    resolution:
      integrity: sha1-3zrhmayt+31ECqrgsp4icrJOxhk=
  /diff/3.5.0:
    dev: false
    engines:
      node: '>=0.3.1'
    resolution:
      integrity: sha512-A46qtFgd+g7pDZinpnwiRJtxbC1hpgf0uzP3iG89scHk0AUC7A1TGxf5OiiOUv/JMZR8GOt8hL900hV0bOy5xA==
  /diff/4.0.2:
    dev: false
    engines:
      node: '>=0.3.1'
    resolution:
      integrity: sha512-58lmxKSA4BNyLz+HHMUzlOEpg09FV+ev6ZMe3vJihgdxzgcwZ8VoEEPmALCZG9LmqfVoNMMKpttIYTVG6uDY7A==
  /emoji-regex/7.0.3:
    dev: false
    resolution:
      integrity: sha512-CwBLREIQ7LvYFB0WyRvwhq5N5qPhc6PMjD6bYggFlI5YyDgl+0vxq5VHbMOFqLg7hfWzmu8T5Z1QofhmTIhItA==
  /es-abstract/1.17.5:
    dependencies:
      es-to-primitive: 1.2.1
      function-bind: 1.1.1
      has: 1.0.3
      has-symbols: 1.0.1
      is-callable: 1.2.0
      is-regex: 1.1.0
      object-inspect: 1.7.0
      object-keys: 1.1.1
      object.assign: 4.1.0
      string.prototype.trimleft: 2.1.2
      string.prototype.trimright: 2.1.2
    dev: false
    engines:
      node: '>= 0.4'
    resolution:
      integrity: sha512-BR9auzDbySxOcfog0tLECW8l28eRGpDpU3Dm3Hp4q/N+VtLTmyj4EUN088XZWQDW/hzj6sYRDXeOFsaAODKvpg==
  /es-to-primitive/1.2.1:
    dependencies:
      is-callable: 1.2.0
      is-date-object: 1.0.2
      is-symbol: 1.0.3
    dev: false
    engines:
      node: '>= 0.4'
    resolution:
      integrity: sha512-QCOllgZJtaUo9miYBcLChTUaHNjJF3PYs1VidD7AwiEj1kYxKeQTctLAezAOH5ZKRH0g2IgPn6KwB4IT8iRpvA==
  /escape-string-regexp/1.0.5:
    dev: false
    engines:
      node: '>=0.8.0'
    resolution:
      integrity: sha1-G2HAViGQqN/2rjuyzwIAyhMLhtQ=
  /esprima/4.0.1:
    dev: false
    engines:
      node: '>=4'
    hasBin: true
    resolution:
      integrity: sha512-eGuFFw7Upda+g4p+QHvnW0RyTX/SVeJBDM/gCtMARO0cLuT2HcEKnTPvhjV6aGeqrCB/sbNop0Kszm0jsaWU4A==
  /fast-decode-uri-component/1.0.1:
    dev: false
    resolution:
      integrity: sha512-WKgKWg5eUxvRZGwW8FvfbaH7AXSh2cL+3j5fMGzUMCxWBJ3dV3a7Wz8y2f/uQ0e3B6WmodD3oS54jTQ9HVTIIg==
  /fast-deep-equal/3.1.1:
    dev: false
    resolution:
      integrity: sha512-8UEa58QDLauDNfpbrX55Q9jrGHThw2ZMdOky5Gl1CDtVeJDPVrG4Jxx1N8jw2gkWaff5UUuX1KJd+9zGe2B+ZA==
  /fast-json-stable-stringify/2.1.0:
    dev: false
    resolution:
      integrity: sha512-lhd/wF+Lk98HZoTCtlVraHtfh5XYijIjalXck7saUtuanSDyLMxnHhSXEDJqHxD7msR8D0uCmqlkwjCV8xvwHw==
  /fast-json-stringify/1.20.1:
    dependencies:
      ajv: 6.12.2
      deepmerge: 4.2.2
      string-similarity: 4.0.1
    dev: false
    resolution:
      integrity: sha512-PEPWrRZvKqI11fY2uDhLLuoapIda9wVQ2mzAj8rkBfVD7jWvOSIICL0Om1knoReIWKF5y/5bbR/GzcZANaaJfQ==
  /fast-redact/2.0.0:
    dev: false
    engines:
      node: '>=6'
    resolution:
      integrity: sha512-zxpkULI9W9MNTK2sJ3BpPQrTEXFNESd2X6O1tXMFpK/XM0G5c5Rll2EVYZH2TqI3xRGK/VaJ+eEOt7pnENJpeA==
  /fast-safe-stringify/2.0.7:
    dev: false
    resolution:
      integrity: sha512-Utm6CdzT+6xsDk2m8S6uL8VHxNwI6Jub+e9NYTcAms28T84pTa25GJQV9j0CY0N1rM8hK4x6grpF2BQf+2qwVA==
  /fastify/2.14.1:
    dependencies:
      abstract-logging: 2.0.0
      ajv: 6.12.2
      avvio: 6.4.1
      fast-json-stringify: 1.20.1
      find-my-way: 2.2.3
      flatstr: 1.0.12
      light-my-request: 3.8.0
      middie: 4.1.0
      pino: 5.17.0
      proxy-addr: 2.0.6
      readable-stream: 3.6.0
      rfdc: 1.1.4
      secure-json-parse: 2.1.0
      tiny-lru: 7.0.6
    dev: false
    engines:
      node: '>=6'
    resolution:
      integrity: sha512-nSL8AgIdFCpZmFwjqB5Zzv+3/1KpwwVtB/h88Q4Og8njYbkddKGpuQlQ2tHUULXPTJrLZ7wop6olzx6HEbHdpw==
  /fastq/1.8.0:
    dependencies:
      reusify: 1.0.4
    dev: false
    resolution:
      integrity: sha512-SMIZoZdLh/fgofivvIkmknUXyPnvxRE3DhtZ5Me3Mrsk5gyPL42F0xr51TdRXskBxHfMp+07bcYzfsYEsSQA9Q==
  /fill-range/7.0.1:
    dependencies:
      to-regex-range: 5.0.1
    dev: false
    engines:
      node: '>=8'
    resolution:
      integrity: sha512-qOo9F+dMUmC2Lcb4BbVvnKJxTPjCm+RRpe4gDuGrzkL7mEVl/djYSu2OdQ2Pa302N4oqkSg9ir6jaLWJ2USVpQ==
  /find-my-way/2.2.3:
    dependencies:
      fast-decode-uri-component: 1.0.1
      safe-regex2: 2.0.0
      semver-store: 0.3.0
    dev: false
    engines:
      node: '>=6'
    resolution:
      integrity: sha512-C7dxfbX8pV1maLd31ygkBEOaD51Ls4dROuHjeSQZf1FeQinUzq3UA/kSPecLSDy9iAQufd8w1zgp7j64kyLdhw==
  /find-up/3.0.0:
    dependencies:
      locate-path: 3.0.0
    dev: false
    engines:
      node: '>=6'
    resolution:
      integrity: sha512-1yD6RmLI1XBfxugvORwlck6f75tYL+iR0jqwsOrOxMZyGYqUuDhJ0l4AXdO1iX/FTs9cBAMEk1gWSEx1kSbylg==
  /flat/4.1.0:
    dependencies:
      is-buffer: 2.0.4
    dev: false
    hasBin: true
    resolution:
      integrity: sha512-Px/TiLIznH7gEDlPXcUD4KnBusa6kR6ayRUVcnEAbreRIuhkqow/mun59BuRXwoYk7ZQOLW1ZM05ilIvK38hFw==
  /flatstr/1.0.12:
    dev: false
    resolution:
      integrity: sha512-4zPxDyhCyiN2wIAtSLI6gc82/EjqZc1onI4Mz/l0pWrAlsSfYH/2ZIcU+e3oA2wDwbzIWNKwa23F8rh6+DRWkw==
  /form-data/3.0.0:
    dependencies:
      asynckit: 0.4.0
      combined-stream: 1.0.8
      mime-types: 2.1.27
    dev: false
    engines:
      node: '>= 6'
    resolution:
      integrity: sha512-CKMFDglpbMi6PyN+brwB9Q/GOw0eAnsrEZDgcsH5Krhz5Od/haKHAX0NmQfha2zPPz0JpWzA7GJHGSnvCRLWsg==
  /forwarded/0.1.2:
    dev: false
    engines:
      node: '>= 0.6'
    resolution:
      integrity: sha1-mMI9qxF1ZXuMBXPozszZGw/xjIQ=
  /fs.realpath/1.0.0:
    dev: false
    resolution:
      integrity: sha1-FQStJSMVjKpA20onh8sBQRmU6k8=
  /fsevents/2.1.3:
    dev: false
    engines:
      node: ^8.16.0 || ^10.6.0 || >=11.0.0
    optional: true
    os:
      - darwin
    resolution:
      integrity: sha512-Auw9a4AxqWpa9GUfj370BMPzzyncfBABW8Mab7BGWBYDj4Isgq+cDKtx0i6u9jcX9pQDnswsaaOTgTmA5pEjuQ==
  /function-bind/1.1.1:
    dev: false
    resolution:
      integrity: sha512-yIovAzMX49sF8Yl58fSCWJ5svSLuaibPxXQJFLmBObTuCr0Mf1KiPopGM9NiFjiYBCbfaa2Fh6breQ6ANVTI0A==
  /get-caller-file/2.0.5:
    dev: false
    engines:
      node: 6.* || 8.* || >= 10.*
    resolution:
      integrity: sha512-DyFP3BM/3YHTQOCUL/w0OZHR0lpKeGrxotcHWcqNEdnltqFwXVfhEBQ94eIo34AfQpo0rGki4cyIiftY06h2Fg==
  /get-func-name/2.0.0:
    dev: false
    resolution:
      integrity: sha1-6td0q+5y4gQJQzoGY2YCPdaIekE=
  /glob-parent/5.1.1:
    dependencies:
      is-glob: 4.0.1
    dev: false
    engines:
      node: '>= 6'
    resolution:
      integrity: sha512-FnI+VGOpnlGHWZxthPGR+QhR78fuiK0sNLkHQv+bL9fQi57lNNdquIbna/WrfROrolq8GK5Ek6BiMwqL/voRYQ==
  /glob/7.1.3:
    dependencies:
      fs.realpath: 1.0.0
      inflight: 1.0.6
      inherits: 2.0.4
      minimatch: 3.0.4
      once: 1.4.0
      path-is-absolute: 1.0.1
    dev: false
    resolution:
      integrity: sha512-vcfuiIxogLV4DlGBHIUOwI0IbrJ8HWPc4MU7HzviGeNho/UJDfi6B5p3sHeWIQ0KGIU0Jpxi5ZHxemQfLkkAwQ==
  /growl/1.10.5:
    dev: false
    engines:
      node: '>=4.x'
    resolution:
      integrity: sha512-qBr4OuELkhPenW6goKVXiv47US3clb3/IbuWF9KNKEijAy9oeHxU9IgzjvJhHkUzhaj7rOUD7+YGWqUjLp5oSA==
  /has-flag/3.0.0:
    dev: false
    engines:
      node: '>=4'
    resolution:
      integrity: sha1-tdRU3CGZriJWmfNGfloH87lVuv0=
  /has-symbols/1.0.1:
    dev: false
    engines:
      node: '>= 0.4'
    resolution:
      integrity: sha512-PLcsoqu++dmEIZB+6totNFKq/7Do+Z0u4oT0zKOJNl3lYK6vGwwu2hjHs+68OEZbTjiUE9bgOABXbP/GvrS0Kg==
  /has/1.0.3:
    dependencies:
      function-bind: 1.1.1
    dev: false
    engines:
      node: '>= 0.4.0'
    resolution:
      integrity: sha512-f2dvO0VU6Oej7RkWJGrehjbzMAjFp5/VKPp5tTpWIV4JHHZK1/BxbFRtf/siA2SWTe09caDmVtYYzWEIbBS4zw==
  /he/1.2.0:
    dev: false
    hasBin: true
    resolution:
      integrity: sha512-F/1DnUGPopORZi0ni+CvrCgHQ5FyEAHRLSApuYWMmrbSwoN2Mn/7k+Gl38gJnR7yyDZk6WLXwiGod1JOWNDKGw==
  /inflight/1.0.6:
    dependencies:
      once: 1.4.0
      wrappy: 1.0.2
    dev: false
    resolution:
      integrity: sha1-Sb1jMdfQLQwJvJEKEHW6gWW1bfk=
  /inherits/2.0.4:
    dev: false
    resolution:
      integrity: sha512-k/vGaX4/Yla3WzyMCvTQOXYeIHvqOKtnqBduzTHpzpQZzAskKMhZ2K+EnBiSM9zGSoIFeMpXKxa4dYeZIQqewQ==
  /ipaddr.js/1.9.1:
    dev: false
    engines:
      node: '>= 0.10'
    resolution:
      integrity: sha512-0KI/607xoxSToH7GjN1FfSbLoU0+btTicjsQSWQlh/hZykN8KpmMf7uYwPW3R+akZ6R/w18ZlXSHBYXiYUPO3g==
  /is-binary-path/2.1.0:
    dependencies:
      binary-extensions: 2.0.0
    dev: false
    engines:
      node: '>=8'
    resolution:
      integrity: sha512-ZMERYes6pDydyuGidse7OsHxtbI7WVeUEozgR/g7rd0xUimYNlvZRE/K2MgZTjWy725IfelLeVcEM97mmtRGXw==
  /is-buffer/2.0.4:
    dev: false
    engines:
      node: '>=4'
    resolution:
      integrity: sha512-Kq1rokWXOPXWuaMAqZiJW4XxsmD9zGx9q4aePabbn3qCRGedtH7Cm+zV8WETitMfu1wdh+Rvd6w5egwSngUX2A==
  /is-callable/1.2.0:
    dev: false
    engines:
      node: '>= 0.4'
    resolution:
      integrity: sha512-pyVD9AaGLxtg6srb2Ng6ynWJqkHU9bEM087AKck0w8QwDarTfNcpIYoU8x8Hv2Icm8u6kFJM18Dag8lyqGkviw==
  /is-date-object/1.0.2:
    dev: false
    engines:
      node: '>= 0.4'
    resolution:
      integrity: sha512-USlDT524woQ08aoZFzh3/Z6ch9Y/EWXEHQ/AaRN0SkKq4t2Jw2R2339tSXmwuVoY7LLlBCbOIlx2myP/L5zk0g==
  /is-extglob/2.1.1:
    dev: false
    engines:
      node: '>=0.10.0'
    resolution:
      integrity: sha1-qIwCU1eR8C7TfHahueqXc8gz+MI=
  /is-fullwidth-code-point/2.0.0:
    dev: false
    engines:
      node: '>=4'
    resolution:
      integrity: sha1-o7MKXE8ZkYMWeqq5O+764937ZU8=
  /is-glob/4.0.1:
    dependencies:
      is-extglob: 2.1.1
    dev: false
    engines:
      node: '>=0.10.0'
    resolution:
      integrity: sha512-5G0tKtBTFImOqDnLB2hG6Bp2qcKEFduo4tZu9MT/H6NQv/ghhy30o55ufafxJ/LdH79LLs2Kfrn85TLKyA7BUg==
  /is-number/7.0.0:
    dev: false
    engines:
      node: '>=0.12.0'
    resolution:
      integrity: sha512-41Cifkg6e8TylSpdtTpeLVMqvSBEVzTttHvERD741+pnZ8ANv0004MRL43QKPDlK9cGvNp6NZWZUBlbGXYxxng==
  /is-regex/1.1.0:
    dependencies:
      has-symbols: 1.0.1
    dev: false
    engines:
      node: '>= 0.4'
    resolution:
      integrity: sha512-iI97M8KTWID2la5uYXlkbSDQIg4F6o1sYboZKKTDpnDQMLtUL86zxhgDet3Q2SriaYsyGqZ6Mn2SjbRKeLHdqw==
  /is-symbol/1.0.3:
    dependencies:
      has-symbols: 1.0.1
    dev: false
    engines:
      node: '>= 0.4'
    resolution:
      integrity: sha512-OwijhaRSgqvhm/0ZdAcXNZt9lYdKFpcRDT5ULUuYXPoT794UNOdU+gpT6Rzo7b4V2HUl/op6GqY894AZwv9faQ==
  /isexe/2.0.0:
    dev: false
    resolution:
      integrity: sha1-6PvzdNxVb/iUehDcsFctYz8s+hA=
  /js-yaml/3.13.1:
    dependencies:
      argparse: 1.0.10
      esprima: 4.0.1
    dev: false
    hasBin: true
    resolution:
      integrity: sha512-YfbcO7jXDdyj0DGxYVSlSeQNHbD7XPWvrVWeVUujrQEoZzWJIRrCPoyk6kL6IAjAG2IolMK4T0hNUe0HOUs5Jw==
  /json-schema-traverse/0.4.1:
    dev: false
    resolution:
      integrity: sha512-xbbCH5dCYU5T8LcEhhuh7HJ88HXuW3qsI3Y0zOZFKfZEHcpWiHU/Jxzk629Brsab/mMiHQti9wMP+845RPe3Vg==
  /light-my-request/3.8.0:
    dependencies:
      ajv: 6.12.2
      cookie: 0.4.1
      readable-stream: 3.6.0
      set-cookie-parser: 2.4.6
    dev: false
    resolution:
      integrity: sha512-cIOWmNsgoStysmkzcv2EwvLwMb2hEm6oqKMerG/b5ey9F0we2Qony8cAZgBktmGPYUvPyKsDCzMcYU6fXbpWew==
  /locate-path/3.0.0:
    dependencies:
      p-locate: 3.0.0
      path-exists: 3.0.0
    dev: false
    engines:
      node: '>=6'
    resolution:
      integrity: sha512-7AO748wWnIhNqAuaty2ZWHkQHRSNfPVIsPIfwEOWO22AmaoVrWavlOcMR5nzTLNYvp36X220/maaRsrec1G65A==
  /lodash/4.17.15:
    dev: false
    resolution:
      integrity: sha512-8xOcRHvCjnocdS5cpwXQXVzmmh5e5+saE2QGoeQmbKmRS6J3VQppPOIt0MnmE+4xlZoumy0GPG0D0MVIQbNA1A==
  /log-symbols/3.0.0:
    dependencies:
      chalk: 2.4.2
    dev: false
    engines:
      node: '>=8'
    resolution:
      integrity: sha512-dSkNGuI7iG3mfvDzUuYZyvk5dD9ocYCYzNU6CYDE6+Xqd+gwme6Z00NS3dUh8mq/73HaEtT7m6W+yUPtU6BZnQ==
  /make-error/1.3.6:
    dev: false
    resolution:
      integrity: sha512-s8UhlNe7vPKomQhC1qFelMokr/Sc3AgNbso3n74mVPA5LTZwkB9NlXf4XPamLxJE8h0gh73rM94xvwRT2CVInw==
  /middie/4.1.0:
    dependencies:
      path-to-regexp: 4.0.5
      reusify: 1.0.4
    dev: false
    resolution:
      integrity: sha512-eylPpZA+K3xO9kpDjagoPkEUkNcWV3EAo5OEz0MqsekUpT7KbnQkk8HNZkh4phx2vvOAmNNZuLRWF9lDDHPpVQ==
  /mime-db/1.44.0:
    dev: false
    engines:
      node: '>= 0.6'
    resolution:
      integrity: sha512-/NOTfLrsPBVeH7YtFPgsVWveuL+4SjjYxaQ1xtM1KMFj7HdxlBlxeyNLzhyJVx7r4rZGJAZ/6lkKCitSc/Nmpg==
  /mime-types/2.1.27:
    dependencies:
      mime-db: 1.44.0
    dev: false
    engines:
      node: '>= 0.6'
    resolution:
      integrity: sha512-JIhqnCasI9yD+SsmkquHBxTSEuZdQX5BuQnS2Vc7puQQQ+8yiP5AY5uWhpdv4YL4VM5c6iliiYWPgJ/nJQLp7w==
  /minimatch/3.0.4:
    dependencies:
      brace-expansion: 1.1.11
    dev: false
    resolution:
      integrity: sha512-yJHVQEhyqPLUTgt9B83PXu6W3rx4MvvHvSUvToogpwoGDOUQ+yDrR0HRot+yOCdCO7u4hX3pWft6kWBBcqh0UA==
  /minimist/1.2.5:
    dev: false
    resolution:
      integrity: sha512-FM9nNUYrRBAELZQT3xeZQ7fmMOBg6nWNmJKTcgsJeaLstP/UODVpGsr5OhXhhXg6f+qtJ8uiZ+PUxkDWcgIXLw==
  /mkdirp/0.5.5:
    dependencies:
      minimist: 1.2.5
    dev: false
    hasBin: true
    resolution:
      integrity: sha512-NKmAlESf6jMGym1++R0Ra7wvhV+wFW63FaSOFPwRahvea0gMUcGUhVeAg/0BC0wiv9ih5NYPB1Wn1UEI1/L+xQ==
  /mocha/7.2.0:
    dependencies:
      ansi-colors: 3.2.3
      browser-stdout: 1.3.1
      chokidar: 3.3.0
      debug: 3.2.6
      diff: 3.5.0
      escape-string-regexp: 1.0.5
      find-up: 3.0.0
      glob: 7.1.3
      growl: 1.10.5
      he: 1.2.0
      js-yaml: 3.13.1
      log-symbols: 3.0.0
      minimatch: 3.0.4
      mkdirp: 0.5.5
      ms: 2.1.1
      node-environment-flags: 1.0.6
      object.assign: 4.1.0
      strip-json-comments: 2.0.1
      supports-color: 6.0.0
      which: 1.3.1
      wide-align: 1.1.3
      yargs: 13.3.2
      yargs-parser: 13.1.2
      yargs-unparser: 1.6.0
    dev: false
    engines:
      node: '>= 8.10.0'
    hasBin: true
    resolution:
      integrity: sha512-O9CIypScywTVpNaRrCAgoUnJgozpIofjKUYmJhiCIJMiuYnLI6otcb1/kpW9/n/tJODHGZ7i8aLQoDVsMtOKQQ==
  /ms/2.1.1:
    dev: false
    resolution:
      integrity: sha512-tgp+dl5cGk28utYktBsrFqA7HKgrhgPsg6Z/EfhWI4gl1Hwq8B/GmY/0oXZ6nF8hDVesS/FpnYaD/kOWhYQvyg==
  /ms/2.1.2:
    dev: false
    resolution:
      integrity: sha512-sGkPx+VjMtmA6MX27oA4FBFELFCZZ4S4XqeGOXCv68tT+jb3vk/RyaKWP0PTKyWtmLSM0b+adUTEvbs1PEaH2w==
  /node-environment-flags/1.0.6:
    dependencies:
      object.getownpropertydescriptors: 2.1.0
      semver: 5.7.1
    dev: false
    resolution:
      integrity: sha512-5Evy2epuL+6TM0lCQGpFIj6KwiEsGh1SrHUhTbNX+sLbBtjidPZFAnVK9y5yU1+h//RitLbRHTIMyxQPtxMdHw==
  /node-fetch/2.6.0:
    dev: false
    engines:
      node: 4.x || >=6.0.0
    resolution:
      integrity: sha512-8dG4H5ujfvFiqDmVu9fQ5bOHUC15JMjMY/Zumv26oOvvVJjM67KF8koCWIabKQ1GJIa9r2mMZscBq/TbdOcmNA==
  /normalize-path/3.0.0:
    dev: false
    engines:
      node: '>=0.10.0'
    resolution:
      integrity: sha512-6eZs5Ls3WtCisHWp9S2GUy8dqkpGi4BVSz3GaqiE6ezub0512ESztXUwUB6C6IKbQkY2Pnb/mD4WYojCRwcwLA==
  /object-inspect/1.7.0:
    dev: false
    resolution:
      integrity: sha512-a7pEHdh1xKIAgTySUGgLMx/xwDZskN1Ud6egYYN3EdRW4ZMPNEDUTF+hwy2LUC+Bl+SyLXANnwz/jyh/qutKUw==
  /object-keys/1.1.1:
    dev: false
    engines:
      node: '>= 0.4'
    resolution:
      integrity: sha512-NuAESUOUMrlIXOfHKzD6bpPu3tYt3xvjNdRIQ+FeT0lNb4K8WR70CaDxhuNguS2XG+GjkyMwOzsN5ZktImfhLA==
  /object.assign/4.1.0:
    dependencies:
      define-properties: 1.1.3
      function-bind: 1.1.1
      has-symbols: 1.0.1
      object-keys: 1.1.1
    dev: false
    engines:
      node: '>= 0.4'
    resolution:
      integrity: sha512-exHJeq6kBKj58mqGyTQ9DFvrZC/eR6OwxzoM9YRoGBqrXYonaFyGiFMuc9VZrXf7DarreEwMpurG3dd+CNyW5w==
  /object.getownpropertydescriptors/2.1.0:
    dependencies:
      define-properties: 1.1.3
      es-abstract: 1.17.5
    dev: false
    engines:
      node: '>= 0.8'
    resolution:
      integrity: sha512-Z53Oah9A3TdLoblT7VKJaTDdXdT+lQO+cNpKVnya5JDe9uLvzu1YyY1yFDFrcxrlRgWrEFH0jJtD/IbuwjcEVg==
  /once/1.4.0:
    dependencies:
      wrappy: 1.0.2
    dev: false
    resolution:
      integrity: sha1-WDsap3WWHUsROsF9nFC6753Xa9E=
  /p-limit/2.3.0:
    dependencies:
      p-try: 2.2.0
    dev: false
    engines:
      node: '>=6'
    resolution:
      integrity: sha512-//88mFWSJx8lxCzwdAABTJL2MyWB12+eIY7MDL2SqLmAkeKU9qxRvWuSyTjm3FUmpBEMuFfckAIqEaVGUDxb6w==
  /p-locate/3.0.0:
    dependencies:
      p-limit: 2.3.0
    dev: false
    engines:
      node: '>=6'
    resolution:
      integrity: sha512-x+12w/To+4GFfgJhBEpiDcLozRJGegY+Ei7/z0tSLkMmxGZNybVMSfWj9aJn8Z5Fc7dBUNJOOVgPv2H7IwulSQ==
  /p-try/2.2.0:
    dev: false
    engines:
      node: '>=6'
    resolution:
      integrity: sha512-R4nPAVTAU0B9D35/Gk3uJf/7XYbQcyohSKdvAxIRSNghFl4e71hVoGnBNQz9cWaXxO2I10KTC+3jMdvvoKw6dQ==
  /path-exists/3.0.0:
    dev: false
    engines:
      node: '>=4'
    resolution:
      integrity: sha1-zg6+ql94yxiSXqfYENe1mwEP1RU=
  /path-is-absolute/1.0.1:
    dev: false
    engines:
      node: '>=0.10.0'
    resolution:
      integrity: sha1-F0uSaHNVNP+8es5r9TpanhtcX18=
  /path-to-regexp/4.0.5:
    dev: false
    resolution:
      integrity: sha512-l+fTaGG2N9ZRpCEUj5fG1VKdDLaiqwCIvPngpnxzREhcdobhZC4ou4w984HBu72DqAJ5CfcdV6tjqNOunfpdsQ==
  /pathval/1.1.0:
    dev: false
    resolution:
      integrity: sha1-uULm1L3mUwBe9rcTYd74cn0GReA=
  /picomatch/2.2.2:
    dev: false
    engines:
      node: '>=8.6'
    resolution:
      integrity: sha512-q0M/9eZHzmr0AulXyPwNfZjtwZ/RBZlbN3K3CErVrk50T2ASYI7Bye0EvekFY3IP1Nt2DHu0re+V2ZHIpMkuWg==
  /pino-std-serializers/2.4.2:
    dev: false
    resolution:
      integrity: sha512-WaL504dO8eGs+vrK+j4BuQQq6GLKeCCcHaMB2ItygzVURcL1CycwNEUHTD/lHFHs/NL5qAz2UKrjYWXKSf4aMQ==
  /pino/5.17.0:
    dependencies:
      fast-redact: 2.0.0
      fast-safe-stringify: 2.0.7
      flatstr: 1.0.12
      pino-std-serializers: 2.4.2
      quick-format-unescaped: 3.0.3
      sonic-boom: 0.7.7
    dev: false
    hasBin: true
    resolution:
      integrity: sha512-LqrqmRcJz8etUjyV0ddqB6OTUutCgQULPFg2b4dtijRHUsucaAdBgSUW58vY6RFSX+NT8963F+q0tM6lNwGShA==
  /proxy-addr/2.0.6:
    dependencies:
      forwarded: 0.1.2
      ipaddr.js: 1.9.1
    dev: false
    engines:
      node: '>= 0.10'
    resolution:
      integrity: sha512-dh/frvCBVmSsDYzw6n926jv974gddhkFPfiN8hPOi30Wax25QZyZEGveluCgliBnqmuM+UJmBErbAUFIoDbjOw==
  /punycode/2.1.1:
    dev: false
    engines:
      node: '>=6'
    resolution:
      integrity: sha512-XRsRjdf+j5ml+y/6GKHPZbrF/8p2Yga0JPtdqTIY2Xe5ohJPD9saDJJLPvp9+NSBprVvevdXZybnj2cv8OEd0A==
  /quick-format-unescaped/3.0.3:
    dev: false
    resolution:
      integrity: sha512-dy1yjycmn9blucmJLXOfZDx1ikZJUi6E8bBZLnhPG5gBrVhHXx2xVyqqgKBubVNEXmx51dBACMHpoMQK/N/AXQ==
  /readable-stream/3.6.0:
    dependencies:
      inherits: 2.0.4
      string_decoder: 1.3.0
      util-deprecate: 1.0.2
    dev: false
    engines:
      node: '>= 6'
    resolution:
      integrity: sha512-BViHy7LKeTz4oNnkcLJ+lVSL6vpiFeX6/d3oSH8zCW7UxP2onchk+vTGB143xuFjHS3deTgkKoXXymXqymiIdA==
  /readdirp/3.2.0:
    dependencies:
      picomatch: 2.2.2
    dev: false
    engines:
      node: '>= 8'
    resolution:
      integrity: sha512-crk4Qu3pmXwgxdSgGhgA/eXiJAPQiX4GMOZZMXnqKxHX7TaoL+3gQVo/WeuAiogr07DpnfjIMpXXa+PAIvwPGQ==
  /require-directory/2.1.1:
    dev: false
    engines:
      node: '>=0.10.0'
    resolution:
      integrity: sha1-jGStX9MNqxyXbiNE/+f3kqam30I=
  /require-main-filename/2.0.0:
    dev: false
    resolution:
      integrity: sha512-NKN5kMDylKuldxYLSUfrbo5Tuzh4hd+2E8NPPX02mZtn1VuREQToYe/ZdlJy+J3uCpfaiGF05e7B8W0iXbQHmg==
  /ret/0.2.2:
    dev: false
    engines:
      node: '>=4'
    resolution:
      integrity: sha512-M0b3YWQs7R3Z917WRQy1HHA7Ba7D8hvZg6UE5mLykJxQVE2ju0IXbGlaHPPlkY+WN7wFP+wUMXmBFA0aV6vYGQ==
  /reusify/1.0.4:
    dev: false
    engines:
      iojs: '>=1.0.0'
      node: '>=0.10.0'
    resolution:
      integrity: sha512-U9nH88a3fc/ekCF1l0/UP1IosiuIjyTh7hBvXVMHYgVcfGvt897Xguj2UOLDeI5BG2m7/uwyaLVT6fbtCwTyzw==
  /rfdc/1.1.4:
    dev: false
    resolution:
      integrity: sha512-5C9HXdzK8EAqN7JDif30jqsBzavB7wLpaubisuQIGHWf2gUXSpzy6ArX/+Da8RjFpagWsCn+pIgxTMAmKw9Zug==
  /safe-buffer/5.2.1:
    dev: false
    resolution:
      integrity: sha512-rp3So07KcdmmKbGvgaNxQSJr7bGVSVk5S9Eq1F+ppbRo70+YeaDxkw5Dd8NPN+GD6bjnYm2VuPuCXmpuYvmCXQ==
  /safe-regex2/2.0.0:
    dependencies:
      ret: 0.2.2
    dev: false
    resolution:
      integrity: sha512-PaUSFsUaNNuKwkBijoAPHAK6/eM6VirvyPWlZ7BAQy4D+hCvh4B6lIG+nPdhbFfIbP+gTGBcrdsOaUs0F+ZBOQ==
  /secure-json-parse/2.1.0:
    dev: false
    resolution:
      integrity: sha512-GckO+MS/wT4UogDyoI/H/S1L0MCcKS1XX/vp48wfmU7Nw4woBmb8mIpu4zPBQjKlRT88/bt9xdoV4111jPpNJA==
  /semver-store/0.3.0:
    dev: false
    resolution:
      integrity: sha512-TcZvGMMy9vodEFSse30lWinkj+JgOBvPn8wRItpQRSayhc+4ssDs335uklkfvQQJgL/WvmHLVj4Ycv2s7QCQMg==
  /semver/5.7.1:
    dev: false
    hasBin: true
    resolution:
      integrity: sha512-sauaDf/PZdVgrLTNYHRtpXa1iRiKcaebiKQ1BJdpQlWH2lCvexQdX55snPFyK7QzpudqbCI0qXFfOasHdyNDGQ==
  /set-blocking/2.0.0:
    dev: false
    resolution:
      integrity: sha1-BF+XgtARrppoA93TgrJDkrPYkPc=
  /set-cookie-parser/2.4.6:
    dev: false
    resolution:
      integrity: sha512-mNCnTUF0OYPwYzSHbdRdCfNNHqrne+HS5tS5xNb6yJbdP9wInV0q5xPLE0EyfV/Q3tImo3y/OXpD8Jn0Jtnjrg==
  /sonic-boom/0.7.7:
    dependencies:
      atomic-sleep: 1.0.0
      flatstr: 1.0.12
    dev: false
    resolution:
      integrity: sha512-Ei5YOo5J64GKClHIL/5evJPgASXFVpfVYbJV9PILZQytTK6/LCwHvsZJW2Ig4p9FMC2OrBrMnXKgRN/OEoAWfg==
  /source-map-support/0.5.19:
    dependencies:
      buffer-from: 1.1.1
      source-map: 0.6.1
    dev: false
    resolution:
      integrity: sha512-Wonm7zOCIJzBGQdB+thsPar0kYuCIzYvxZwlBa87yi/Mdjv7Tip2cyVbLj5o0cFPN4EVkuTwb3GDDyUx2DGnGw==
  /source-map/0.6.1:
    dev: false
    engines:
      node: '>=0.10.0'
    resolution:
      integrity: sha512-UjgapumWlbMhkBgzT7Ykc5YXUT46F0iKu8SGXq0bcwP5dz/h0Plj6enJqjz1Zbq2l5WaqYnrVbwWOWMyF3F47g==
  /sprintf-js/1.0.3:
    dev: false
    resolution:
      integrity: sha1-BOaSb2YolTVPPdAVIDYzuFcpfiw=
  /string-similarity/4.0.1:
    dev: false
    resolution:
      integrity: sha512-v36MJzloekKVvKAsYi6O/qpn2mIuvwEFIT9Gx3yg4spkNjXYsk7yxc37g4ZTyMVIBvt/9PZGxnqEtme8XHK+Mw==
  /string-width/2.1.1:
    dependencies:
      is-fullwidth-code-point: 2.0.0
      strip-ansi: 4.0.0
    dev: false
    engines:
      node: '>=4'
    resolution:
      integrity: sha512-nOqH59deCq9SRHlxq1Aw85Jnt4w6KvLKqWVik6oA9ZklXLNIOlqg4F2yrT1MVaTjAqvVwdfeZ7w7aCvJD7ugkw==
  /string-width/3.1.0:
    dependencies:
      emoji-regex: 7.0.3
      is-fullwidth-code-point: 2.0.0
      strip-ansi: 5.2.0
    dev: false
    engines:
      node: '>=6'
    resolution:
      integrity: sha512-vafcv6KjVZKSgz06oM/H6GDBrAtz8vdhQakGjFIvNrHA6y3HCF1CInLy+QLq8dTJPQ1b+KDUqDFctkdRW44e1w==
  /string.prototype.trimend/1.0.1:
    dependencies:
      define-properties: 1.1.3
      es-abstract: 1.17.5
    dev: false
    resolution:
      integrity: sha512-LRPxFUaTtpqYsTeNKaFOw3R4bxIzWOnbQ837QfBylo8jIxtcbK/A/sMV7Q+OAV/vWo+7s25pOE10KYSjaSO06g==
  /string.prototype.trimleft/2.1.2:
    dependencies:
      define-properties: 1.1.3
      es-abstract: 1.17.5
      string.prototype.trimstart: 1.0.1
    dev: false
    engines:
      node: '>= 0.4'
    resolution:
      integrity: sha512-gCA0tza1JBvqr3bfAIFJGqfdRTyPae82+KTnm3coDXkZN9wnuW3HjGgN386D7hfv5CHQYCI022/rJPVlqXyHSw==
  /string.prototype.trimright/2.1.2:
    dependencies:
      define-properties: 1.1.3
      es-abstract: 1.17.5
      string.prototype.trimend: 1.0.1
    dev: false
    engines:
      node: '>= 0.4'
    resolution:
      integrity: sha512-ZNRQ7sY3KroTaYjRS6EbNiiHrOkjihL9aQE/8gfQ4DtAC/aEBRHFJa44OmoWxGGqXuJlfKkZW4WcXErGr+9ZFg==
  /string.prototype.trimstart/1.0.1:
    dependencies:
      define-properties: 1.1.3
      es-abstract: 1.17.5
    dev: false
    resolution:
      integrity: sha512-XxZn+QpvrBI1FOcg6dIpxUPgWCPuNXvMD72aaRaUQv1eD4e/Qy8i/hFTe0BUmD60p/QA6bh1avmuPTfNjqVWRw==
  /string_decoder/1.3.0:
    dependencies:
      safe-buffer: 5.2.1
    dev: false
    resolution:
      integrity: sha512-hkRX8U1WjJFd8LsDJ2yQ/wWWxaopEsABU1XfkM8A+j0+85JAGppt16cr1Whg6KIbb4okU6Mql6BOj+uup/wKeA==
  /strip-ansi/4.0.0:
    dependencies:
      ansi-regex: 3.0.0
    dev: false
    engines:
      node: '>=4'
    resolution:
      integrity: sha1-qEeQIusaw2iocTibY1JixQXuNo8=
  /strip-ansi/5.2.0:
    dependencies:
      ansi-regex: 4.1.0
    dev: false
    engines:
      node: '>=6'
    resolution:
      integrity: sha512-DuRs1gKbBqsMKIZlrffwlug8MHkcnpjs5VPmL1PAh+mA30U0DTotfDZ0d2UUsXpPmPmMMJ6W773MaA3J+lbiWA==
  /strip-json-comments/2.0.1:
    dev: false
    engines:
      node: '>=0.10.0'
    resolution:
      integrity: sha1-PFMZQukIwml8DsNEhYwobHygpgo=
  /supports-color/5.5.0:
    dependencies:
      has-flag: 3.0.0
    dev: false
    engines:
      node: '>=4'
    resolution:
      integrity: sha512-QjVjwdXIt408MIiAqCX4oUKsgU2EqAGzs2Ppkm4aQYbjm+ZEWEcW4SfFNTr4uMNZma0ey4f5lgLrkB0aX0QMow==
  /supports-color/6.0.0:
    dependencies:
      has-flag: 3.0.0
    dev: false
    engines:
      node: '>=6'
    resolution:
      integrity: sha512-on9Kwidc1IUQo+bQdhi8+Tijpo0e1SS6RoGo2guUwn5vdaxw8RXOF9Vb2ws+ihWOmh4JnCJOvaziZWP1VABaLg==
  /tiny-lru/7.0.6:
    dev: false
    engines:
      node: '>=6'
    resolution:
      integrity: sha512-zNYO0Kvgn5rXzWpL0y3RS09sMK67eGaQj9805jlK9G6pSadfriTczzLHFXa/xcW4mIRfmlB9HyQ/+SgL0V1uow==
  /to-regex-range/5.0.1:
    dependencies:
      is-number: 7.0.0
    dev: false
    engines:
      node: '>=8.0'
    resolution:
      integrity: sha512-65P7iz6X5yEr1cwcgvQxbbIw7Uk3gOy5dIdtZ4rDveLqhrdJP+Li/Hx6tyK0NEb+2GCyneCMJiGqrADCSNk8sQ==
  /ts-node/8.10.2_typescript@3.9.5:
    dependencies:
      arg: 4.1.3
      diff: 4.0.2
      make-error: 1.3.6
      source-map-support: 0.5.19
      typescript: 3.9.5
      yn: 3.1.1
    dev: false
    engines:
      node: '>=6.0.0'
    hasBin: true
    peerDependencies:
      typescript: '>=2.7'
    resolution:
      integrity: sha512-ISJJGgkIpDdBhWVu3jufsWpK3Rzo7bdiIXJjQc0ynKxVOVcg2oIrf2H2cejminGrptVc6q6/uynAHNCuWGbpVA==
  /type-detect/4.0.8:
    dev: false
    engines:
      node: '>=4'
    resolution:
      integrity: sha512-0fr/mIH1dlO+x7TlcMy+bIDqKPsw/70tVyeHW787goQjhmqaZe10uwLujubK9q9Lg6Fiho1KUKDYz0Z7k7g5/g==
  /typescript/3.9.5:
    dev: false
    engines:
      node: '>=4.2.0'
    hasBin: true
    resolution:
      integrity: sha512-hSAifV3k+i6lEoCJ2k6R2Z/rp/H3+8sdmcn5NrS3/3kE7+RyZXm9aqvxWqjEXHAd8b0pShatpcdMTvEdvAJltQ==
  /uri-js/4.2.2:
    dependencies:
      punycode: 2.1.1
    dev: false
    resolution:
      integrity: sha512-KY9Frmirql91X2Qgjry0Wd4Y+YTdrdZheS8TFwvkbLWf/G5KNJDCh6pKL5OZctEW4+0Baa5idK2ZQuELRwPznQ==
  /util-deprecate/1.0.2:
    dev: false
    resolution:
      integrity: sha1-RQ1Nyfpw3nMnYvvS1KKJgUGaDM8=
  /which-module/2.0.0:
    dev: false
    resolution:
      integrity: sha1-2e8H3Od7mQK4o6j6SzHD4/fm6Ho=
  /which/1.3.1:
    dependencies:
      isexe: 2.0.0
    dev: false
    hasBin: true
    resolution:
      integrity: sha512-HxJdYWq1MTIQbJ3nw0cqssHoTNU267KlrDuGZ1WYlxDStUtKUhOaJmh112/TZmHxxUfuJqPXSOm7tDyas0OSIQ==
  /wide-align/1.1.3:
    dependencies:
      string-width: 2.1.1
    dev: false
    resolution:
      integrity: sha512-QGkOQc8XL6Bt5PwnsExKBPuMKBxnGxWWW3fU55Xt4feHozMUhdUMaBCk290qpm/wG5u/RSKzwdAC4i51YigihA==
  /wrap-ansi/5.1.0:
    dependencies:
      ansi-styles: 3.2.1
      string-width: 3.1.0
      strip-ansi: 5.2.0
    dev: false
    engines:
      node: '>=6'
    resolution:
      integrity: sha512-QC1/iN/2/RPVJ5jYK8BGttj5z83LmSKmvbvrXPNCLZSEb32KKVDJDl/MOt2N01qU2H/FkzEa9PKto1BqDjtd7Q==
  /wrappy/1.0.2:
    dev: false
    resolution:
      integrity: sha1-tSQ9jz7BqjXxNkYFvA0QNuMKtp8=
  /y18n/4.0.0:
    dev: false
    resolution:
      integrity: sha512-r9S/ZyXu/Xu9q1tYlpsLIsa3EeLXXk0VwlxqTcFRfg9EhMW+17kbt9G0NrgCmhGb5vT2hyhJZLfDGx+7+5Uj/w==
  /yargs-parser/13.1.2:
    dependencies:
      camelcase: 5.3.1
      decamelize: 1.2.0
    dev: false
    resolution:
      integrity: sha512-3lbsNRf/j+A4QuSZfDRA7HRSfWrzO0YjqTJd5kjAq37Zep1CEgaYmrH9Q3GwPiB9cHyd1Y1UwggGhJGoxipbzg==
  /yargs-unparser/1.6.0:
    dependencies:
      flat: 4.1.0
      lodash: 4.17.15
      yargs: 13.3.2
    dev: false
    engines:
      node: '>=6'
    resolution:
      integrity: sha512-W9tKgmSn0DpSatfri0nx52Joq5hVXgeLiqR/5G0sZNDoLZFOr/xjBUDcShCOGNsBnEMNo1KAMBkTej1Hm62HTw==
  /yargs/13.3.2:
    dependencies:
      cliui: 5.0.0
      find-up: 3.0.0
      get-caller-file: 2.0.5
      require-directory: 2.1.1
      require-main-filename: 2.0.0
      set-blocking: 2.0.0
      string-width: 3.1.0
      which-module: 2.0.0
      y18n: 4.0.0
      yargs-parser: 13.1.2
    dev: false
    resolution:
      integrity: sha512-AX3Zw5iPruN5ie6xGRIDgqkT+ZhnRlZMLMHAs8tg7nRruy2Nb+i5o9bwghAogtM08q1dpr2LVoS8KSTMYpWXUw==
  /yn/3.1.1:
    dev: false
    engines:
      node: '>=6'
    resolution:
      integrity: sha512-Ux4ygGWsu2c7isFWe8Yu1YluJmqVhxqK2cLXNQA5AcC3QfbGNpM7fu0Y8b/z16pXLnFxZYvWhd3fhBY9DLmC6Q==
  'file:projects/test-service.tgz':
    dependencies:
      '@types/chai': 4.2.11
      '@types/mocha': 7.0.2
      '@types/node': 12.12.44
      '@types/node-fetch': 2.5.7
      chai: 4.2.0
      fastify: 2.14.1
      mocha: 7.2.0
      node-fetch: 2.6.0
      ts-node: 8.10.2_typescript@3.9.5
      typescript: 3.9.5
    dev: false
    name: '@rush-temp/test-service'
    resolution:
      integrity: sha512-VOKAqSU5iwXLH+yw3/drVpLgEa4D6hlleUUogj42EiRpt1nhdPAjbFaWDrB42H7rZ9U9Vpvo7LMjBRu23qvERA==
      tarball: 'file:projects/test-service.tgz'
    version: 0.0.0
  'file:projects/tsconfig.tgz':
    dev: false
    name: '@rush-temp/tsconfig'
    resolution:
      integrity: sha512-Q4ByOUgiMGNYz+goSRW+jLps8ckcJrPL87nPePU4TVsvLXOSXc+5sOtgDdVXY9nPnhWlRfvS1Tj8BcFgjo2u/Q==
      tarball: 'file:projects/tsconfig.tgz'
    version: 0.0.0
registry: ''
specifiers:
  '@rush-temp/test-service': 'file:./projects/test-service.tgz'
  '@rush-temp/tsconfig': 'file:./projects/tsconfig.tgz'
  '@types/chai': ~4.2.11
  '@types/mocha': ~7.0.2
  '@types/node': 12.12.44
  '@types/node-fetch': ~2.5.7
  chai: 4.2.0
  fastify: 2.14.1
  mocha: 7.2.0
  node-fetch: ~2.6.0
  ts-node: ~8.10.2
  typescript: 3.9.5
